
Microsoft Visual Studio Solution File, Format Version 12.00
# Visual Studio 15
VisualStudioVersion = 15.0.28307.271
MinimumVisualStudioVersion = 10.0.40219.1
Project("{FAE04EC0-301F-11D3-BF4B-00C04F79EFBC}") = "tfl-tech", "tfl-tech\tfl-tech.csproj", "{722BB6B5-906B-4899-9A9B-E4D3DFF0955B}"
EndProject
Project("{FAE04EC0-301F-11D3-BF4B-00C04F79EFBC}") = "tfl-tech-tests", "tfl-tech-tests\tfl-tech-tests.csproj", "{849E3E94-0067-4764-9944-8E4667ED1720}"
EndProject
Global
	GlobalSection(SolutionConfigurationPlatforms) = preSolution
		Debug|Any CPU = Debug|Any CPU
		Release|Any CPU = Release|Any CPU
	EndGlobalSection
	GlobalSection(ProjectConfigurationPlatforms) = postSolution
		{722BB6B5-906B-4899-9A9B-E4D3DFF0955B}.Debug|Any CPU.ActiveCfg = Debug|Any CPU
		{722BB6B5-906B-4899-9A9B-E4D3DFF0955B}.Debug|Any CPU.Build.0 = Debug|Any CPU
		{722BB6B5-906B-4899-9A9B-E4D3DFF0955B}.Release|Any CPU.ActiveCfg = Release|Any CPU
		{722BB6B5-906B-4899-9A9B-E4D3DFF0955B}.Release|Any CPU.Build.0 = Release|Any CPU
		{849E3E94-0067-4764-9944-8E4667ED1720}.Debug|Any CPU.ActiveCfg = Debug|Any CPU
		{849E3E94-0067-4764-9944-8E4667ED1720}.Debug|Any CPU.Build.0 = Debug|Any CPU
		{849E3E94-0067-4764-9944-8E4667ED1720}.Release|Any CPU.ActiveCfg = Release|Any CPU
		{849E3E94-0067-4764-9944-8E4667ED1720}.Release|Any CPU.Build.0 = Release|Any CPU
	EndGlobalSection
	GlobalSection(SolutionProperties) = preSolution
		HideSolutionNode = FALSE
	EndGlobalSection
	GlobalSection(ExtensibilityGlobals) = postSolution
		SolutionGuid = {EF1BF88D-2BF7-476D-9820-B061158DBE8D}
	EndGlobalSection
EndGlobal
